
Microsoft Visual Studio Solution File, Format Version 12.00
# Visual Studio Version 16
VisualStudioVersion = 16.0.31424.327
MinimumVisualStudioVersion = 10.0.40219.1
Project("{FAE04EC0-301F-11D3-BF4B-00C04F79EFBC}") = "api", "api\api.csproj", "{67959B0B-B79A-4C0D-B88B-353AD5C4031F}"
EndProject
Global
	GlobalSection(SolutionConfigurationPlatforms) = preSolution
		Debug|Any CPU = Debug|Any CPU
		Debug|x64 = Debug|x64
		Release|Any CPU = Release|Any CPU
		Release|x64 = Release|x64
	EndGlobalSection
	GlobalSection(ProjectConfigurationPlatforms) = postSolution
		{67959B0B-B79A-4C0D-B88B-353AD5C4031F}.Debug|Any CPU.ActiveCfg = Debug|Any CPU
		{67959B0B-B79A-4C0D-B88B-353AD5C4031F}.Debug|Any CPU.Build.0 = Debug|Any CPU
		{67959B0B-B79A-4C0D-B88B-353AD5C4031F}.Debug|x64.ActiveCfg = Debug|Any CPU
		{67959B0B-B79A-4C0D-B88B-353AD5C4031F}.Debug|x64.Build.0 = Debug|Any CPU
		{67959B0B-B79A-4C0D-B88B-353AD5C4031F}.Release|Any CPU.ActiveCfg = Release|Any CPU
		{67959B0B-B79A-4C0D-B88B-353AD5C4031F}.Release|Any CPU.Build.0 = Release|Any CPU
		{67959B0B-B79A-4C0D-B88B-353AD5C4031F}.Release|x64.ActiveCfg = Release|Any CPU
		{67959B0B-B79A-4C0D-B88B-353AD5C4031F}.Release|x64.Build.0 = Release|Any CPU
	EndGlobalSection
	GlobalSection(SolutionProperties) = preSolution
		HideSolutionNode = FALSE
	EndGlobalSection
	GlobalSection(ExtensibilityGlobals) = postSolution
		SolutionGuid = {F3475CC5-8D43-45BA-B438-B87E152EA4B6}
	EndGlobalSection
EndGlobal
